
Microsoft Visual Studio Solution File, Format Version 12.00
# Visual Studio Version 17
VisualStudioVersion = 17.9.34728.123
MinimumVisualStudioVersion = 10.0.40219.1
Project("{9A19103F-16F7-4668-BE54-9A1E7A4F7556}") = "TasksManager.Shared", "TasksManager.Shared\TasksManager.Shared.csproj", "{CF2A3611-F114-4197-AF1C-57548ADF6398}"
EndProject
Project("{9A19103F-16F7-4668-BE54-9A1E7A4F7556}") = "TasksManager.FrontEnd", "TasksManager.FrontEnd\TasksManager.FrontEnd.csproj", "{587951D4-7F6E-46BB-BCB3-EBBD8A45918E}"
EndProject
Project("{9A19103F-16F7-4668-BE54-9A1E7A4F7556}") = "TasksManager.BackEnd", "TasksManager.BackEnd\TasksManager.BackEnd.csproj", "{B9E824DC-6A5C-4DDD-92FA-902A4F5A2382}"
EndProject
Global
	GlobalSection(SolutionConfigurationPlatforms) = preSolution
		Debug|Any CPU = Debug|Any CPU
		Release|Any CPU = Release|Any CPU
	EndGlobalSection
	GlobalSection(ProjectConfigurationPlatforms) = postSolution
		{CF2A3611-F114-4197-AF1C-57548ADF6398}.Debug|Any CPU.ActiveCfg = Debug|Any CPU
		{CF2A3611-F114-4197-AF1C-57548ADF6398}.Debug|Any CPU.Build.0 = Debug|Any CPU
		{CF2A3611-F114-4197-AF1C-57548ADF6398}.Release|Any CPU.ActiveCfg = Release|Any CPU
		{CF2A3611-F114-4197-AF1C-57548ADF6398}.Release|Any CPU.Build.0 = Release|Any CPU
		{587951D4-7F6E-46BB-BCB3-EBBD8A45918E}.Debug|Any CPU.ActiveCfg = Debug|Any CPU
		{587951D4-7F6E-46BB-BCB3-EBBD8A45918E}.Debug|Any CPU.Build.0 = Debug|Any CPU
		{587951D4-7F6E-46BB-BCB3-EBBD8A45918E}.Release|Any CPU.ActiveCfg = Release|Any CPU
		{587951D4-7F6E-46BB-BCB3-EBBD8A45918E}.Release|Any CPU.Build.0 = Release|Any CPU
		{B9E824DC-6A5C-4DDD-92FA-902A4F5A2382}.Debug|Any CPU.ActiveCfg = Debug|Any CPU
		{B9E824DC-6A5C-4DDD-92FA-902A4F5A2382}.Debug|Any CPU.Build.0 = Debug|Any CPU
		{B9E824DC-6A5C-4DDD-92FA-902A4F5A2382}.Release|Any CPU.ActiveCfg = Release|Any CPU
		{B9E824DC-6A5C-4DDD-92FA-902A4F5A2382}.Release|Any CPU.Build.0 = Release|Any CPU
	EndGlobalSection
	GlobalSection(SolutionProperties) = preSolution
		HideSolutionNode = FALSE
	EndGlobalSection
	GlobalSection(ExtensibilityGlobals) = postSolution
		SolutionGuid = {7CF08BCD-7E32-4E53-8B18-18412B88BBF8}
	EndGlobalSection
EndGlobal
